
Microsoft Visual Studio Solution File, Format Version 12.00
# Visual Studio Version 17
VisualStudioVersion = 17.7.34024.191
MinimumVisualStudioVersion = 10.0.40219.1
Project("{FAE04EC0-301F-11D3-BF4B-00C04F79EFBC}") = "paragrafi kelimelere ayirma", "paragrafi kelimelere ayirma\paragrafi kelimelere ayirma.csproj", "{73EDAA5B-CFB8-471E-BA0A-686E32A546A1}"
EndProject
Global
	GlobalSection(SolutionConfigurationPlatforms) = preSolution
		Debug|Any CPU = Debug|Any CPU
		Release|Any CPU = Release|Any CPU
	EndGlobalSection
	GlobalSection(ProjectConfigurationPlatforms) = postSolution
		{73EDAA5B-CFB8-471E-BA0A-686E32A546A1}.Debug|Any CPU.ActiveCfg = Debug|Any CPU
		{73EDAA5B-CFB8-471E-BA0A-686E32A546A1}.Debug|Any CPU.Build.0 = Debug|Any CPU
		{73EDAA5B-CFB8-471E-BA0A-686E32A546A1}.Release|Any CPU.ActiveCfg = Release|Any CPU
		{73EDAA5B-CFB8-471E-BA0A-686E32A546A1}.Release|Any CPU.Build.0 = Release|Any CPU
	EndGlobalSection
	GlobalSection(SolutionProperties) = preSolution
		HideSolutionNode = FALSE
	EndGlobalSection
	GlobalSection(ExtensibilityGlobals) = postSolution
		SolutionGuid = {DA42614A-3F16-4421-AD6F-B06E5DF7B7C3}
	EndGlobalSection
EndGlobal
